{
  "object": {
    "pins": [
      {
        "package": "Loaders",
        "repositoryURL": "https://github.com/dgrzeszczak/Loaders",
        "state": {
          "branch": "feature/ViewModelDriven",
          "revision": "872dc1f035c1cd77d16e0e8dc9c52c316ee6b0a4",
          "version": null
        }
      },
      {
        "package": "MVVM",
        "repositoryURL": "https://github.com/dgrzeszczak/MVVM",
        "state": {
          "branch": null,
          "revision": "178ab99ea3286629975c728cbeb68d0dcd0a3c33",
          "version": "1.0.1"
        }
      },
      {
        "package": "ReMVVM",
        "repositoryURL": "https://github.com/dgrzeszczak/ReMVVM",
        "state": {
          "branch": "feature/2.1.0",
          "revision": "4e486b5df793fb4bc1aa0a50f08add7b1c649096",
          "version": null
        }
      },
      {
        "package": "ReMVVMExt",
        "repositoryURL": "https://github.com/ReMVVM/ReMVVMExt-iOS",
        "state": {
          "branch": "feature/tabBar2",
          "revision": "bda765febc00d74197c4e2bc74a8084934acf090",
          "version": null
        }
      },
      {
        "package": "RxSwift",
        "repositoryURL": "https://github.com/ReactiveX/RxSwift",
        "state": {
          "branch": null,
          "revision": "002d325b0bdee94e7882e1114af5ff4fe1e96afa",
          "version": "5.1.1"
        }
      }
    ]
  },
  "version": 1
}
