{
  "object": {
    "pins": [
      {
        "package": "Loaders",
        "repositoryURL": "https://github.com/dgrzeszczak/Loaders",
        "state": {
          "branch": null,
          "revision": "56a5148b8025b70caaf8a3537777a02be595087a",
          "version": "1.2.0"
        }
      },
      {
        "package": "ReMVVM",
        "repositoryURL": "https://github.com/ReMVVM/ReMVVM",
        "state": {
          "branch": null,
          "revision": "9b3ff26dc8890c3b153599410044d9d72cc68cfd",
          "version": "3.0.0"
        }
      },
      {
        "package": "ReMVVMExt",
        "repositoryURL": "https://github.com/ReMVVM/ReMVVMExtUIKit",
        "state": {
          "branch": null,
          "revision": "3b3dfb648d323028398295a939a2b78b95dbeea2",
          "version": "3.0.0"
        }
      },
      {
        "package": "ReMVVMRxSwift",
        "repositoryURL": "https://github.com/ReMVVM/ReMVVMRxSwift",
        "state": {
          "branch": null,
          "revision": "8cabdf05976da0396a8e9b57c22107e6c54cc9fd",
          "version": "1.0.0"
        }
      },
      {
        "package": "RxSwift",
        "repositoryURL": "https://github.com/ReactiveX/RxSwift",
        "state": {
          "branch": null,
          "revision": "7c17a6ccca06b5c107cfa4284e634562ddaf5951",
          "version": "6.2.0"
        }
      }
    ]
  },
  "version": 1
}
